
Microsoft Visual Studio Solution File, Format Version 12.00
Project("{FAE04EC0-301F-11D3-BF4B-00C04F79EFBC}") = "systemProg", "systemProg\systemProg.csproj", "{B0897A2D-B213-44B7-B35A-474D6675E92E}"
EndProject
Global
	GlobalSection(SolutionConfigurationPlatforms) = preSolution
		Debug|Any CPU = Debug|Any CPU
		Release|Any CPU = Release|Any CPU
	EndGlobalSection
	GlobalSection(ProjectConfigurationPlatforms) = postSolution
		{B0897A2D-B213-44B7-B35A-474D6675E92E}.Debug|Any CPU.ActiveCfg = Debug|Any CPU
		{B0897A2D-B213-44B7-B35A-474D6675E92E}.Debug|Any CPU.Build.0 = Debug|Any CPU
		{B0897A2D-B213-44B7-B35A-474D6675E92E}.Release|Any CPU.ActiveCfg = Release|Any CPU
		{B0897A2D-B213-44B7-B35A-474D6675E92E}.Release|Any CPU.Build.0 = Release|Any CPU
	EndGlobalSection
EndGlobal
